
Microsoft Visual Studio Solution File, Format Version 12.00
# Visual Studio Version 17
VisualStudioVersion = 17.0.31903.59
MinimumVisualStudioVersion = 10.0.40219.1
Project("{2150E333-8FDC-42A3-9474-1A3956D46DE8}") = "src", "src", "{310EF60A-2D02-40A9-9450-C735EE911651}"
EndProject
Project("{FAE04EC0-301F-11D3-BF4B-00C04F79EFBC}") = "EMR.Api", "src\EMR.Api\EMR.Api.csproj", "{DD5CB7AF-9204-409D-8BAE-AB2FF92103ED}"
EndProject
Project("{FAE04EC0-301F-11D3-BF4B-00C04F79EFBC}") = "EMR.Domain", "src\EMR.Domain\EMR.Domain.csproj", "{1D0F5A7B-DF05-4A8D-BB5B-A3B59FD155FE}"
EndProject
Project("{FAE04EC0-301F-11D3-BF4B-00C04F79EFBC}") = "EMR.Infrastructure", "src\EMR.Infrastructure\EMR.Infrastructure.csproj", "{750BD9FF-7319-475E-86A2-16914BC0B48A}"
EndProject
Project("{FAE04EC0-301F-11D3-BF4B-00C04F79EFBC}") = "EMR.Signing", "src\EMR.Signing\EMR.Signing.csproj", "{12747496-C43A-4292-A03B-5EC1C2925E26}"
EndProject
Project("{FAE04EC0-301F-11D3-BF4B-00C04F79EFBC}") = "EMR.HisSync", "src\EMR.HisSync\EMR.HisSync.csproj", "{657805BE-E6AC-40CB-9C61-29843B1A8B02}"
EndProject
Project("{FAE04EC0-301F-11D3-BF4B-00C04F79EFBC}") = "EMR.Web", "src\EMR.Web\EMR.Web.csproj", "{5B85A779-1444-42C9-AF6B-04ED31DB0E0C}"
EndProject
Global
	GlobalSection(SolutionConfigurationPlatforms) = preSolution
		Debug|Any CPU = Debug|Any CPU
		Release|Any CPU = Release|Any CPU
	EndGlobalSection
	GlobalSection(SolutionProperties) = preSolution
		HideSolutionNode = FALSE
	EndGlobalSection
	GlobalSection(ProjectConfigurationPlatforms) = postSolution
		{DD5CB7AF-9204-409D-8BAE-AB2FF92103ED}.Debug|Any CPU.ActiveCfg = Debug|Any CPU
		{DD5CB7AF-9204-409D-8BAE-AB2FF92103ED}.Debug|Any CPU.Build.0 = Debug|Any CPU
		{DD5CB7AF-9204-409D-8BAE-AB2FF92103ED}.Release|Any CPU.ActiveCfg = Release|Any CPU
		{DD5CB7AF-9204-409D-8BAE-AB2FF92103ED}.Release|Any CPU.Build.0 = Release|Any CPU
		{1D0F5A7B-DF05-4A8D-BB5B-A3B59FD155FE}.Debug|Any CPU.ActiveCfg = Debug|Any CPU
		{1D0F5A7B-DF05-4A8D-BB5B-A3B59FD155FE}.Debug|Any CPU.Build.0 = Debug|Any CPU
		{1D0F5A7B-DF05-4A8D-BB5B-A3B59FD155FE}.Release|Any CPU.ActiveCfg = Release|Any CPU
		{1D0F5A7B-DF05-4A8D-BB5B-A3B59FD155FE}.Release|Any CPU.Build.0 = Release|Any CPU
		{750BD9FF-7319-475E-86A2-16914BC0B48A}.Debug|Any CPU.ActiveCfg = Debug|Any CPU
		{750BD9FF-7319-475E-86A2-16914BC0B48A}.Debug|Any CPU.Build.0 = Debug|Any CPU
		{750BD9FF-7319-475E-86A2-16914BC0B48A}.Release|Any CPU.ActiveCfg = Release|Any CPU
		{750BD9FF-7319-475E-86A2-16914BC0B48A}.Release|Any CPU.Build.0 = Release|Any CPU
		{12747496-C43A-4292-A03B-5EC1C2925E26}.Debug|Any CPU.ActiveCfg = Debug|Any CPU
		{12747496-C43A-4292-A03B-5EC1C2925E26}.Debug|Any CPU.Build.0 = Debug|Any CPU
		{12747496-C43A-4292-A03B-5EC1C2925E26}.Release|Any CPU.ActiveCfg = Release|Any CPU
		{12747496-C43A-4292-A03B-5EC1C2925E26}.Release|Any CPU.Build.0 = Release|Any CPU
		{657805BE-E6AC-40CB-9C61-29843B1A8B02}.Debug|Any CPU.ActiveCfg = Debug|Any CPU
		{657805BE-E6AC-40CB-9C61-29843B1A8B02}.Debug|Any CPU.Build.0 = Debug|Any CPU
		{657805BE-E6AC-40CB-9C61-29843B1A8B02}.Release|Any CPU.ActiveCfg = Release|Any CPU
		{657805BE-E6AC-40CB-9C61-29843B1A8B02}.Release|Any CPU.Build.0 = Release|Any CPU
		{5B85A779-1444-42C9-AF6B-04ED31DB0E0C}.Debug|Any CPU.ActiveCfg = Debug|Any CPU
		{5B85A779-1444-42C9-AF6B-04ED31DB0E0C}.Debug|Any CPU.Build.0 = Debug|Any CPU
		{5B85A779-1444-42C9-AF6B-04ED31DB0E0C}.Release|Any CPU.ActiveCfg = Release|Any CPU
		{5B85A779-1444-42C9-AF6B-04ED31DB0E0C}.Release|Any CPU.Build.0 = Release|Any CPU
	EndGlobalSection
	GlobalSection(NestedProjects) = preSolution
		{DD5CB7AF-9204-409D-8BAE-AB2FF92103ED} = {310EF60A-2D02-40A9-9450-C735EE911651}
		{1D0F5A7B-DF05-4A8D-BB5B-A3B59FD155FE} = {310EF60A-2D02-40A9-9450-C735EE911651}
		{750BD9FF-7319-475E-86A2-16914BC0B48A} = {310EF60A-2D02-40A9-9450-C735EE911651}
		{12747496-C43A-4292-A03B-5EC1C2925E26} = {310EF60A-2D02-40A9-9450-C735EE911651}
		{657805BE-E6AC-40CB-9C61-29843B1A8B02} = {310EF60A-2D02-40A9-9450-C735EE911651}
		{5B85A779-1444-42C9-AF6B-04ED31DB0E0C} = {310EF60A-2D02-40A9-9450-C735EE911651}
	EndGlobalSection
EndGlobal
